
Microsoft Visual Studio Solution File, Format Version 12.00
# Visual Studio Version 17
VisualStudioVersion = 17.5.002.0
MinimumVisualStudioVersion = 10.0.40219.1
Project("{2150E333-8FDC-42A3-9474-1A3956D46DE8}") = "Classwork", "Classwork", "{54DF051B-A764-4C23-B496-2656A54CE7F3}"
EndProject
Project("{9A19103F-16F7-4668-BE54-9A1E7A4F7556}") = "HelloWorld", "Classwork\HelloWorld\HelloWorld.csproj", "{F9FE48DD-E3B8-4F8D-8CCB-6A0C55789DA2}"
EndProject
Project("{9A19103F-16F7-4668-BE54-9A1E7A4F7556}") = "Week1", "Classwork\Week1\Week1.csproj", "{9BEB4207-32AC-4DF5-AEC2-9F562DBFBF69}"
EndProject
Project("{9A19103F-16F7-4668-BE54-9A1E7A4F7556}") = "Week2", "Classwork\Week2\Week2.csproj", "{F8E9FC3F-3271-40E2-BBA6-AFDE9E043E67}"
EndProject
Project("{2150E333-8FDC-42A3-9474-1A3956D46DE8}") = "Homework", "Homework", "{0049BD9B-E623-4B2C-81C3-825D79117C70}"
EndProject
Project("{9A19103F-16F7-4668-BE54-9A1E7A4F7556}") = "Homework1", "Homework\Homework1\Homework1.csproj", "{3B0FF92B-4516-4B1A-A571-0E03223A4249}"
EndProject
Global
	GlobalSection(SolutionConfigurationPlatforms) = preSolution
		Debug|Any CPU = Debug|Any CPU
		Release|Any CPU = Release|Any CPU
	EndGlobalSection
	GlobalSection(ProjectConfigurationPlatforms) = postSolution
		{F9FE48DD-E3B8-4F8D-8CCB-6A0C55789DA2}.Debug|Any CPU.ActiveCfg = Debug|Any CPU
		{F9FE48DD-E3B8-4F8D-8CCB-6A0C55789DA2}.Debug|Any CPU.Build.0 = Debug|Any CPU
		{F9FE48DD-E3B8-4F8D-8CCB-6A0C55789DA2}.Release|Any CPU.ActiveCfg = Release|Any CPU
		{F9FE48DD-E3B8-4F8D-8CCB-6A0C55789DA2}.Release|Any CPU.Build.0 = Release|Any CPU
		{9BEB4207-32AC-4DF5-AEC2-9F562DBFBF69}.Debug|Any CPU.ActiveCfg = Debug|Any CPU
		{9BEB4207-32AC-4DF5-AEC2-9F562DBFBF69}.Debug|Any CPU.Build.0 = Debug|Any CPU
		{9BEB4207-32AC-4DF5-AEC2-9F562DBFBF69}.Release|Any CPU.ActiveCfg = Release|Any CPU
		{9BEB4207-32AC-4DF5-AEC2-9F562DBFBF69}.Release|Any CPU.Build.0 = Release|Any CPU
		{F8E9FC3F-3271-40E2-BBA6-AFDE9E043E67}.Debug|Any CPU.ActiveCfg = Debug|Any CPU
		{F8E9FC3F-3271-40E2-BBA6-AFDE9E043E67}.Debug|Any CPU.Build.0 = Debug|Any CPU
		{F8E9FC3F-3271-40E2-BBA6-AFDE9E043E67}.Release|Any CPU.ActiveCfg = Release|Any CPU
		{F8E9FC3F-3271-40E2-BBA6-AFDE9E043E67}.Release|Any CPU.Build.0 = Release|Any CPU
		{3B0FF92B-4516-4B1A-A571-0E03223A4249}.Debug|Any CPU.ActiveCfg = Debug|Any CPU
		{3B0FF92B-4516-4B1A-A571-0E03223A4249}.Debug|Any CPU.Build.0 = Debug|Any CPU
		{3B0FF92B-4516-4B1A-A571-0E03223A4249}.Release|Any CPU.ActiveCfg = Release|Any CPU
		{3B0FF92B-4516-4B1A-A571-0E03223A4249}.Release|Any CPU.Build.0 = Release|Any CPU
	EndGlobalSection
	GlobalSection(SolutionProperties) = preSolution
		HideSolutionNode = FALSE
	EndGlobalSection
	GlobalSection(NestedProjects) = preSolution
		{F9FE48DD-E3B8-4F8D-8CCB-6A0C55789DA2} = {54DF051B-A764-4C23-B496-2656A54CE7F3}
		{9BEB4207-32AC-4DF5-AEC2-9F562DBFBF69} = {54DF051B-A764-4C23-B496-2656A54CE7F3}
		{F8E9FC3F-3271-40E2-BBA6-AFDE9E043E67} = {54DF051B-A764-4C23-B496-2656A54CE7F3}
		{3B0FF92B-4516-4B1A-A571-0E03223A4249} = {0049BD9B-E623-4B2C-81C3-825D79117C70}
	EndGlobalSection
	GlobalSection(ExtensibilityGlobals) = postSolution
		SolutionGuid = {39806013-283D-4FF7-9129-A8BC422242E7}
	EndGlobalSection
EndGlobal
