
Microsoft Visual Studio Solution File, Format Version 12.00
# Visual Studio Version 17
VisualStudioVersion = 17.5.002.0
MinimumVisualStudioVersion = 10.0.40219.1
Project("{2150E333-8FDC-42A3-9474-1A3956D46DE8}") = "Classwork", "Classwork", "{C0758B2C-1840-4F0B-A1F7-B73D512D171A}"
EndProject
Project("{9A19103F-16F7-4668-BE54-9A1E7A4F7556}") = "HelloWorld", "Classwork\HelloWorld\HelloWorld.csproj", "{E2F3F5F2-B430-4E77-B718-4DEBB82DB3FD}"
EndProject
Project("{9A19103F-16F7-4668-BE54-9A1E7A4F7556}") = "Week1", "Classwork\Week1\Week1.csproj", "{DC96C731-9A5E-4CCF-BE8F-44322F2386FD}"
EndProject
Project("{9A19103F-16F7-4668-BE54-9A1E7A4F7556}") = "Week2", "Classwork\Week2\Week2.csproj", "{B1B791B7-A6F8-4058-B009-E2A76B1B92C6}"
EndProject
Project("{2150E333-8FDC-42A3-9474-1A3956D46DE8}") = "Homework", "Homework", "{AC9C7A60-0640-45B5-91A6-0B0B76807D12}"
EndProject
Project("{9A19103F-16F7-4668-BE54-9A1E7A4F7556}") = "Homework1", "Homework\Homework1\Homework1.csproj", "{F2F369E7-8532-4756-8D6E-35F2F3DC2979}"
EndProject
Project("{9A19103F-16F7-4668-BE54-9A1E7A4F7556}") = "Homework2", "Homework\Homework2\Homework2.csproj", "{722D534C-5513-4482-BAAB-7DA2DB56F87C}"
EndProject
Global
	GlobalSection(SolutionConfigurationPlatforms) = preSolution
		Debug|Any CPU = Debug|Any CPU
		Release|Any CPU = Release|Any CPU
	EndGlobalSection
	GlobalSection(ProjectConfigurationPlatforms) = postSolution
		{E2F3F5F2-B430-4E77-B718-4DEBB82DB3FD}.Debug|Any CPU.ActiveCfg = Debug|Any CPU
		{E2F3F5F2-B430-4E77-B718-4DEBB82DB3FD}.Debug|Any CPU.Build.0 = Debug|Any CPU
		{E2F3F5F2-B430-4E77-B718-4DEBB82DB3FD}.Release|Any CPU.ActiveCfg = Release|Any CPU
		{E2F3F5F2-B430-4E77-B718-4DEBB82DB3FD}.Release|Any CPU.Build.0 = Release|Any CPU
		{DC96C731-9A5E-4CCF-BE8F-44322F2386FD}.Debug|Any CPU.ActiveCfg = Debug|Any CPU
		{DC96C731-9A5E-4CCF-BE8F-44322F2386FD}.Debug|Any CPU.Build.0 = Debug|Any CPU
		{DC96C731-9A5E-4CCF-BE8F-44322F2386FD}.Release|Any CPU.ActiveCfg = Release|Any CPU
		{DC96C731-9A5E-4CCF-BE8F-44322F2386FD}.Release|Any CPU.Build.0 = Release|Any CPU
		{B1B791B7-A6F8-4058-B009-E2A76B1B92C6}.Debug|Any CPU.ActiveCfg = Debug|Any CPU
		{B1B791B7-A6F8-4058-B009-E2A76B1B92C6}.Debug|Any CPU.Build.0 = Debug|Any CPU
		{B1B791B7-A6F8-4058-B009-E2A76B1B92C6}.Release|Any CPU.ActiveCfg = Release|Any CPU
		{B1B791B7-A6F8-4058-B009-E2A76B1B92C6}.Release|Any CPU.Build.0 = Release|Any CPU
		{F2F369E7-8532-4756-8D6E-35F2F3DC2979}.Debug|Any CPU.ActiveCfg = Debug|Any CPU
		{F2F369E7-8532-4756-8D6E-35F2F3DC2979}.Debug|Any CPU.Build.0 = Debug|Any CPU
		{F2F369E7-8532-4756-8D6E-35F2F3DC2979}.Release|Any CPU.ActiveCfg = Release|Any CPU
		{F2F369E7-8532-4756-8D6E-35F2F3DC2979}.Release|Any CPU.Build.0 = Release|Any CPU
		{722D534C-5513-4482-BAAB-7DA2DB56F87C}.Debug|Any CPU.ActiveCfg = Debug|Any CPU
		{722D534C-5513-4482-BAAB-7DA2DB56F87C}.Debug|Any CPU.Build.0 = Debug|Any CPU
		{722D534C-5513-4482-BAAB-7DA2DB56F87C}.Release|Any CPU.ActiveCfg = Release|Any CPU
		{722D534C-5513-4482-BAAB-7DA2DB56F87C}.Release|Any CPU.Build.0 = Release|Any CPU
	EndGlobalSection
	GlobalSection(SolutionProperties) = preSolution
		HideSolutionNode = FALSE
	EndGlobalSection
	GlobalSection(NestedProjects) = preSolution
		{E2F3F5F2-B430-4E77-B718-4DEBB82DB3FD} = {C0758B2C-1840-4F0B-A1F7-B73D512D171A}
		{DC96C731-9A5E-4CCF-BE8F-44322F2386FD} = {C0758B2C-1840-4F0B-A1F7-B73D512D171A}
		{B1B791B7-A6F8-4058-B009-E2A76B1B92C6} = {C0758B2C-1840-4F0B-A1F7-B73D512D171A}
		{F2F369E7-8532-4756-8D6E-35F2F3DC2979} = {AC9C7A60-0640-45B5-91A6-0B0B76807D12}
		{722D534C-5513-4482-BAAB-7DA2DB56F87C} = {AC9C7A60-0640-45B5-91A6-0B0B76807D12}
	EndGlobalSection
	GlobalSection(ExtensibilityGlobals) = postSolution
		SolutionGuid = {39806013-283D-4FF7-9129-A8BC422242E7}
	EndGlobalSection
EndGlobal
