
Microsoft Visual Studio Solution File, Format Version 12.00
# Visual Studio Version 17
VisualStudioVersion = 17.5.002.0
MinimumVisualStudioVersion = 10.0.40219.1
Project("{9A19103F-16F7-4668-BE54-9A1E7A4F7556}") = "RockPaperScissors", "RockPaperScissors.csproj", "{B82CA9CE-32C1-4129-B015-C5D050520B04}"
EndProject
Global
	GlobalSection(SolutionConfigurationPlatforms) = preSolution
		Debug|Any CPU = Debug|Any CPU
		Release|Any CPU = Release|Any CPU
	EndGlobalSection
	GlobalSection(ProjectConfigurationPlatforms) = postSolution
		{B82CA9CE-32C1-4129-B015-C5D050520B04}.Debug|Any CPU.ActiveCfg = Debug|Any CPU
		{B82CA9CE-32C1-4129-B015-C5D050520B04}.Debug|Any CPU.Build.0 = Debug|Any CPU
		{B82CA9CE-32C1-4129-B015-C5D050520B04}.Release|Any CPU.ActiveCfg = Release|Any CPU
		{B82CA9CE-32C1-4129-B015-C5D050520B04}.Release|Any CPU.Build.0 = Release|Any CPU
	EndGlobalSection
	GlobalSection(SolutionProperties) = preSolution
		HideSolutionNode = FALSE
	EndGlobalSection
	GlobalSection(ExtensibilityGlobals) = postSolution
		SolutionGuid = {3C63C0C3-939D-4B1C-8C67-93DDB734E28E}
	EndGlobalSection
EndGlobal
