
Microsoft Visual Studio Solution File, Format Version 12.00
# Visual Studio Version 17
VisualStudioVersion = 17.5.002.0
MinimumVisualStudioVersion = 10.0.40219.1
Project("{9A19103F-16F7-4668-BE54-9A1E7A4F7556}") = "Week12", "Week12.csproj", "{84E1A315-A46E-430F-8F0F-05A04A172F8B}"
EndProject
Global
	GlobalSection(SolutionConfigurationPlatforms) = preSolution
		Debug|Any CPU = Debug|Any CPU
		Release|Any CPU = Release|Any CPU
	EndGlobalSection
	GlobalSection(ProjectConfigurationPlatforms) = postSolution
		{84E1A315-A46E-430F-8F0F-05A04A172F8B}.Debug|Any CPU.ActiveCfg = Debug|Any CPU
		{84E1A315-A46E-430F-8F0F-05A04A172F8B}.Debug|Any CPU.Build.0 = Debug|Any CPU
		{84E1A315-A46E-430F-8F0F-05A04A172F8B}.Release|Any CPU.ActiveCfg = Release|Any CPU
		{84E1A315-A46E-430F-8F0F-05A04A172F8B}.Release|Any CPU.Build.0 = Release|Any CPU
	EndGlobalSection
	GlobalSection(SolutionProperties) = preSolution
		HideSolutionNode = FALSE
	EndGlobalSection
	GlobalSection(ExtensibilityGlobals) = postSolution
		SolutionGuid = {0FE6F046-A165-4428-A267-FFC0920E2DF6}
	EndGlobalSection
EndGlobal
